
Microsoft Visual Studio Solution File, Format Version 12.00
# Visual Studio Version 16
VisualStudioVersion = 16.0.30523.141
MinimumVisualStudioVersion = 10.0.40219.1
Project("{FAE04EC0-301F-11D3-BF4B-00C04F79EFBC}") = "Ejercicio de Conexion", "Ejercicio de Conexion\Ejercicio de Conexion.csproj", "{E4384A28-3A19-4E8A-9EE7-F101F62F4503}"
EndProject
Global
	GlobalSection(SolutionConfigurationPlatforms) = preSolution
		Debug|Any CPU = Debug|Any CPU
		Release|Any CPU = Release|Any CPU
	EndGlobalSection
	GlobalSection(ProjectConfigurationPlatforms) = postSolution
		{E4384A28-3A19-4E8A-9EE7-F101F62F4503}.Debug|Any CPU.ActiveCfg = Debug|Any CPU
		{E4384A28-3A19-4E8A-9EE7-F101F62F4503}.Debug|Any CPU.Build.0 = Debug|Any CPU
		{E4384A28-3A19-4E8A-9EE7-F101F62F4503}.Release|Any CPU.ActiveCfg = Release|Any CPU
		{E4384A28-3A19-4E8A-9EE7-F101F62F4503}.Release|Any CPU.Build.0 = Release|Any CPU
	EndGlobalSection
	GlobalSection(SolutionProperties) = preSolution
		HideSolutionNode = FALSE
	EndGlobalSection
	GlobalSection(ExtensibilityGlobals) = postSolution
		SolutionGuid = {2C254527-C2D7-4FE0-B54A-46A570C4DE8A}
	EndGlobalSection
EndGlobal
